
Microsoft Visual Studio Solution File, Format Version 12.00
# Visual Studio 15
VisualStudioVersion = 15.0.28307.329
MinimumVisualStudioVersion = 10.0.40219.1
Project("{FAE04EC0-301F-11D3-BF4B-00C04F79EFBC}") = "Vidly", "Vidly\Vidly.csproj", "{BEB32B4E-83AE-4418-B4FA-6C20D1946123}"
EndProject
Global
	GlobalSection(SolutionConfigurationPlatforms) = preSolution
		Debug|Any CPU = Debug|Any CPU
		Release|Any CPU = Release|Any CPU
	EndGlobalSection
	GlobalSection(ProjectConfigurationPlatforms) = postSolution
		{BEB32B4E-83AE-4418-B4FA-6C20D1946123}.Debug|Any CPU.ActiveCfg = Debug|Any CPU
		{BEB32B4E-83AE-4418-B4FA-6C20D1946123}.Debug|Any CPU.Build.0 = Debug|Any CPU
		{BEB32B4E-83AE-4418-B4FA-6C20D1946123}.Release|Any CPU.ActiveCfg = Release|Any CPU
		{BEB32B4E-83AE-4418-B4FA-6C20D1946123}.Release|Any CPU.Build.0 = Release|Any CPU
	EndGlobalSection
	GlobalSection(SolutionProperties) = preSolution
		HideSolutionNode = FALSE
	EndGlobalSection
	GlobalSection(ExtensibilityGlobals) = postSolution
		SolutionGuid = {F2658E15-21E9-4E2D-89B5-40F4CF53D2EB}
	EndGlobalSection
EndGlobal
